
Microsoft Visual Studio Solution File, Format Version 12.00
# Visual Studio Version 16
VisualStudioVersion = 16.0.31624.102
MinimumVisualStudioVersion = 10.0.40219.1
Project("{FAE04EC0-301F-11D3-BF4B-00C04F79EFBC}") = "TrustApplication", "TrustApplication\TrustApplication.csproj", "{18E6DF32-2588-47BD-B370-30328935C2A2}"
EndProject
Project("{FAE04EC0-301F-11D3-BF4B-00C04F79EFBC}") = "TrustApplication.Tests", "TrustApplication.Tests\TrustApplication.Tests.csproj", "{3BFA88D1-F791-4389-B268-E55641C7D0A9}"
EndProject
Global
	GlobalSection(SolutionConfigurationPlatforms) = preSolution
		Debug|Any CPU = Debug|Any CPU
		Release|Any CPU = Release|Any CPU
	EndGlobalSection
	GlobalSection(ProjectConfigurationPlatforms) = postSolution
		{18E6DF32-2588-47BD-B370-30328935C2A2}.Debug|Any CPU.ActiveCfg = Debug|Any CPU
		{18E6DF32-2588-47BD-B370-30328935C2A2}.Debug|Any CPU.Build.0 = Debug|Any CPU
		{18E6DF32-2588-47BD-B370-30328935C2A2}.Release|Any CPU.ActiveCfg = Release|Any CPU
		{18E6DF32-2588-47BD-B370-30328935C2A2}.Release|Any CPU.Build.0 = Release|Any CPU
		{3BFA88D1-F791-4389-B268-E55641C7D0A9}.Debug|Any CPU.ActiveCfg = Debug|Any CPU
		{3BFA88D1-F791-4389-B268-E55641C7D0A9}.Debug|Any CPU.Build.0 = Debug|Any CPU
		{3BFA88D1-F791-4389-B268-E55641C7D0A9}.Release|Any CPU.ActiveCfg = Release|Any CPU
		{3BFA88D1-F791-4389-B268-E55641C7D0A9}.Release|Any CPU.Build.0 = Release|Any CPU
	EndGlobalSection
	GlobalSection(SolutionProperties) = preSolution
		HideSolutionNode = FALSE
	EndGlobalSection
	GlobalSection(ExtensibilityGlobals) = postSolution
		SolutionGuid = {7FADE608-47A7-4693-B7BC-3F9576E3D84C}
	EndGlobalSection
EndGlobal
